// !$*UTF8*$!
{
	archiveVersion = 1;
	classes = {
	};
	objectVersion = 50;
	objects = {

/* Begin PBXBuildFile section */
		86772CE821BBCF2F001CCDF8 /* CGSize+Extension.swift in Sources */ = {isa = PBXBuildFile; fileRef = 86772CE621BBCF2F001CCDF8 /* CGSize+Extension.swift */; };
		86772CE921BBCF2F001CCDF8 /* CGRect+Extension.swift in Sources */ = {isa = PBXBuildFile; fileRef = 86772CE721BBCF2F001CCDF8 /* CGRect+Extension.swift */; };
		86772CF121BBD030001CCDF8 /* AppDelegate.swift in Sources */ = {isa = PBXBuildFile; fileRef = 86772CF021BBD030001CCDF8 /* AppDelegate.swift */; };
		86772CF321BBD030001CCDF8 /* ViewController.swift in Sources */ = {isa = PBXBuildFile; fileRef = 86772CF221BBD030001CCDF8 /* ViewController.swift */; };
		86772CF621BBD030001CCDF8 /* Main.storyboard in Resources */ = {isa = PBXBuildFile; fileRef = 86772CF421BBD030001CCDF8 /* Main.storyboard */; };
		86772CF821BBD031001CCDF8 /* Assets.xcassets in Resources */ = {isa = PBXBuildFile; fileRef = 86772CF721BBD031001CCDF8 /* Assets.xcassets */; };
		86772CFB21BBD031001CCDF8 /* LaunchScreen.storyboard in Resources */ = {isa = PBXBuildFile; fileRef = 86772CF921BBD031001CCDF8 /* LaunchScreen.storyboard */; };
		86772D0821BBD0FD001CCDF8 /* UIImageView+Extension.swift in Sources */ = {isa = PBXBuildFile; fileRef = 86772D0221BBD0FD001CCDF8 /* UIImageView+Extension.swift */; };
		86772D0921BBD0FD001CCDF8 /* UIGestureRecognizer+Extension.swift in Sources */ = {isa = PBXBuildFile; fileRef = 86772D0321BBD0FD001CCDF8 /* UIGestureRecognizer+Extension.swift */; };
		86772D0A21BBD0FD001CCDF8 /* UIView+Animation.swift in Sources */ = {isa = PBXBuildFile; fileRef = 86772D0421BBD0FD001CCDF8 /* UIView+Animation.swift */; };
		86772D0B21BBD0FD001CCDF8 /* UIBarButtonItem+Extension.swift in Sources */ = {isa = PBXBuildFile; fileRef = 86772D0521BBD0FD001CCDF8 /* UIBarButtonItem+Extension.swift */; };
		86772D0C21BBD0FD001CCDF8 /* HardwareModel.swift in Sources */ = {isa = PBXBuildFile; fileRef = 86772D0621BBD0FD001CCDF8 /* HardwareModel.swift */; };
		86772D0D21BBD0FD001CCDF8 /* UIView+Extension.swift in Sources */ = {isa = PBXBuildFile; fileRef = 86772D0721BBD0FD001CCDF8 /* UIView+Extension.swift */; };
		86772D1021BBD49D001CCDF8 /* CVSKit.framework in Frameworks */ = {isa = PBXBuildFile; fileRef = 86DDD2CC21B3804E0073E652 /* CVSKit.framework */; };
		86772D1121BBD49D001CCDF8 /* CVSKit.framework in Embed Frameworks */ = {isa = PBXBuildFile; fileRef = 86DDD2CC21B3804E0073E652 /* CVSKit.framework */; settings = {ATTRIBUTES = (CodeSignOnCopy, RemoveHeadersOnCopy, ); }; };
		86772D1421BBD53C001CCDF8 /* UITableView+Extension.swift in Sources */ = {isa = PBXBuildFile; fileRef = 86772D1321BBD53C001CCDF8 /* UITableView+Extension.swift */; };
		86772D1621BBD69F001CCDF8 /* UIButton+Extension.swift in Sources */ = {isa = PBXBuildFile; fileRef = 86772D1521BBD69F001CCDF8 /* UIButton+Extension.swift */; };
		86772D1821BBD984001CCDF8 /* SensitiveControl.swift in Sources */ = {isa = PBXBuildFile; fileRef = 86772D1721BBD984001CCDF8 /* SensitiveControl.swift */; };
		86772D1A21BBDBCD001CCDF8 /* UIColor+Extension.swift in Sources */ = {isa = PBXBuildFile; fileRef = 86772D1921BBDBCD001CCDF8 /* UIColor+Extension.swift */; };
		86772D1C21BBDFC8001CCDF8 /* UILabel+Extension.swift in Sources */ = {isa = PBXBuildFile; fileRef = 86772D1B21BBDFC8001CCDF8 /* UILabel+Extension.swift */; };
		86772D1E21BBE2A2001CCDF8 /* OptionSet+Extension.swift in Sources */ = {isa = PBXBuildFile; fileRef = 86772D1D21BBE2A2001CCDF8 /* OptionSet+Extension.swift */; };
		86772D2021BBE8E4001CCDF8 /* String+Extension.swift in Sources */ = {isa = PBXBuildFile; fileRef = 86772D1F21BBE8E4001CCDF8 /* String+Extension.swift */; };
		86DDD2D121B3804E0073E652 /* CVSKit.h in Headers */ = {isa = PBXBuildFile; fileRef = 86DDD2CF21B3804E0073E652 /* CVSKit.h */; settings = {ATTRIBUTES = (Public, ); }; };
		86DDD2E121B417080073E652 /* UIImage+Extension.swift in Sources */ = {isa = PBXBuildFile; fileRef = 86DDD2D921B417080073E652 /* UIImage+Extension.swift */; };
		86DDD2E221B417080073E652 /* UIEdgeInsets+Extension.swift in Sources */ = {isa = PBXBuildFile; fileRef = 86DDD2DA21B417080073E652 /* UIEdgeInsets+Extension.swift */; };
		86DDD2E521B417080073E652 /* Collection+Extension.swift in Sources */ = {isa = PBXBuildFile; fileRef = 86DDD2DE21B417080073E652 /* Collection+Extension.swift */; };
		86DDD2E621B417080073E652 /* DispatchQueue+Extension.swift in Sources */ = {isa = PBXBuildFile; fileRef = 86DDD2DF21B417080073E652 /* DispatchQueue+Extension.swift */; };
		86DDD2E721B417080073E652 /* Numeric+Extension.swift in Sources */ = {isa = PBXBuildFile; fileRef = 86DDD2E021B417080073E652 /* Numeric+Extension.swift */; };
		86DDD30D21B4217B0073E652 /* CVSKit.framework in Frameworks */ = {isa = PBXBuildFile; fileRef = 86DDD2CC21B3804E0073E652 /* CVSKit.framework */; };
		86DDD31321B4218E0073E652 /* UIKitExtensionKitTests.swift in Sources */ = {isa = PBXBuildFile; fileRef = 86DDD2F121B41FDC0073E652 /* UIKitExtensionKitTests.swift */; };
/* End PBXBuildFile section */

/* Begin PBXContainerItemProxy section */
		86772D0021BBD044001CCDF8 /* PBXContainerItemProxy */ = {
			isa = PBXContainerItemProxy;
			containerPortal = 86DDD2C321B3804E0073E652 /* Project object */;
			proxyType = 1;
			remoteGlobalIDString = 86DDD2CB21B3804E0073E652;
			remoteInfo = CVSKit;
		};
		86DDD30E21B4217B0073E652 /* PBXContainerItemProxy */ = {
			isa = PBXContainerItemProxy;
			containerPortal = 86DDD2C321B3804E0073E652 /* Project object */;
			proxyType = 1;
			remoteGlobalIDString = 86DDD2CB21B3804E0073E652;
			remoteInfo = CVSKit;
		};
/* End PBXContainerItemProxy section */

/* Begin PBXCopyFilesBuildPhase section */
		86772D1221BBD49D001CCDF8 /* Embed Frameworks */ = {
			isa = PBXCopyFilesBuildPhase;
			buildActionMask = 2147483647;
			dstPath = "";
			dstSubfolderSpec = 10;
			files = (
				86772D1121BBD49D001CCDF8 /* CVSKit.framework in Embed Frameworks */,
			);
			name = "Embed Frameworks";
			runOnlyForDeploymentPostprocessing = 0;
		};
/* End PBXCopyFilesBuildPhase section */

/* Begin PBXFileReference section */
		86772CE621BBCF2F001CCDF8 /* CGSize+Extension.swift */ = {isa = PBXFileReference; fileEncoding = 4; lastKnownFileType = sourcecode.swift; path = "CGSize+Extension.swift"; sourceTree = "<group>"; };
		86772CE721BBCF2F001CCDF8 /* CGRect+Extension.swift */ = {isa = PBXFileReference; fileEncoding = 4; lastKnownFileType = sourcecode.swift; path = "CGRect+Extension.swift"; sourceTree = "<group>"; };
		86772CEE21BBD030001CCDF8 /* Playground.app */ = {isa = PBXFileReference; explicitFileType = wrapper.application; includeInIndex = 0; path = Playground.app; sourceTree = BUILT_PRODUCTS_DIR; };
		86772CF021BBD030001CCDF8 /* AppDelegate.swift */ = {isa = PBXFileReference; lastKnownFileType = sourcecode.swift; path = AppDelegate.swift; sourceTree = "<group>"; };
		86772CF221BBD030001CCDF8 /* ViewController.swift */ = {isa = PBXFileReference; lastKnownFileType = sourcecode.swift; path = ViewController.swift; sourceTree = "<group>"; };
		86772CF521BBD030001CCDF8 /* Base */ = {isa = PBXFileReference; lastKnownFileType = file.storyboard; name = Base; path = Base.lproj/Main.storyboard; sourceTree = "<group>"; };
		86772CF721BBD031001CCDF8 /* Assets.xcassets */ = {isa = PBXFileReference; lastKnownFileType = folder.assetcatalog; path = Assets.xcassets; sourceTree = "<group>"; };
		86772CFA21BBD031001CCDF8 /* Base */ = {isa = PBXFileReference; lastKnownFileType = file.storyboard; name = Base; path = Base.lproj/LaunchScreen.storyboard; sourceTree = "<group>"; };
		86772CFC21BBD031001CCDF8 /* Info.plist */ = {isa = PBXFileReference; lastKnownFileType = text.plist.xml; path = Info.plist; sourceTree = "<group>"; };
		86772D0221BBD0FD001CCDF8 /* UIImageView+Extension.swift */ = {isa = PBXFileReference; fileEncoding = 4; lastKnownFileType = sourcecode.swift; path = "UIImageView+Extension.swift"; sourceTree = "<group>"; };
		86772D0321BBD0FD001CCDF8 /* UIGestureRecognizer+Extension.swift */ = {isa = PBXFileReference; fileEncoding = 4; lastKnownFileType = sourcecode.swift; path = "UIGestureRecognizer+Extension.swift"; sourceTree = "<group>"; };
		86772D0421BBD0FD001CCDF8 /* UIView+Animation.swift */ = {isa = PBXFileReference; fileEncoding = 4; lastKnownFileType = sourcecode.swift; path = "UIView+Animation.swift"; sourceTree = "<group>"; };
		86772D0521BBD0FD001CCDF8 /* UIBarButtonItem+Extension.swift */ = {isa = PBXFileReference; fileEncoding = 4; lastKnownFileType = sourcecode.swift; path = "UIBarButtonItem+Extension.swift"; sourceTree = "<group>"; };
		86772D0621BBD0FD001CCDF8 /* HardwareModel.swift */ = {isa = PBXFileReference; fileEncoding = 4; lastKnownFileType = sourcecode.swift; path = HardwareModel.swift; sourceTree = "<group>"; };
		86772D0721BBD0FD001CCDF8 /* UIView+Extension.swift */ = {isa = PBXFileReference; fileEncoding = 4; lastKnownFileType = sourcecode.swift; path = "UIView+Extension.swift"; sourceTree = "<group>"; };
		86772D1321BBD53C001CCDF8 /* UITableView+Extension.swift */ = {isa = PBXFileReference; lastKnownFileType = sourcecode.swift; path = "UITableView+Extension.swift"; sourceTree = "<group>"; };
		86772D1521BBD69F001CCDF8 /* UIButton+Extension.swift */ = {isa = PBXFileReference; lastKnownFileType = sourcecode.swift; path = "UIButton+Extension.swift"; sourceTree = "<group>"; };
		86772D1721BBD984001CCDF8 /* SensitiveControl.swift */ = {isa = PBXFileReference; lastKnownFileType = sourcecode.swift; path = SensitiveControl.swift; sourceTree = "<group>"; };
		86772D1921BBDBCD001CCDF8 /* UIColor+Extension.swift */ = {isa = PBXFileReference; lastKnownFileType = sourcecode.swift; path = "UIColor+Extension.swift"; sourceTree = "<group>"; };
		86772D1B21BBDFC8001CCDF8 /* UILabel+Extension.swift */ = {isa = PBXFileReference; lastKnownFileType = sourcecode.swift; path = "UILabel+Extension.swift"; sourceTree = "<group>"; };
		86772D1D21BBE2A2001CCDF8 /* OptionSet+Extension.swift */ = {isa = PBXFileReference; lastKnownFileType = sourcecode.swift; path = "OptionSet+Extension.swift"; sourceTree = "<group>"; };
		86772D1F21BBE8E4001CCDF8 /* String+Extension.swift */ = {isa = PBXFileReference; lastKnownFileType = sourcecode.swift; path = "String+Extension.swift"; sourceTree = "<group>"; };
		86DDD2CC21B3804E0073E652 /* CVSKit.framework */ = {isa = PBXFileReference; explicitFileType = wrapper.framework; includeInIndex = 0; path = CVSKit.framework; sourceTree = BUILT_PRODUCTS_DIR; };
		86DDD2CF21B3804E0073E652 /* CVSKit.h */ = {isa = PBXFileReference; lastKnownFileType = sourcecode.c.h; path = CVSKit.h; sourceTree = "<group>"; };
		86DDD2D021B3804E0073E652 /* Info.plist */ = {isa = PBXFileReference; lastKnownFileType = text.plist.xml; path = Info.plist; sourceTree = "<group>"; };
		86DDD2D921B417080073E652 /* UIImage+Extension.swift */ = {isa = PBXFileReference; fileEncoding = 4; lastKnownFileType = sourcecode.swift; path = "UIImage+Extension.swift"; sourceTree = "<group>"; };
		86DDD2DA21B417080073E652 /* UIEdgeInsets+Extension.swift */ = {isa = PBXFileReference; fileEncoding = 4; lastKnownFileType = sourcecode.swift; path = "UIEdgeInsets+Extension.swift"; sourceTree = "<group>"; };
		86DDD2DE21B417080073E652 /* Collection+Extension.swift */ = {isa = PBXFileReference; fileEncoding = 4; lastKnownFileType = sourcecode.swift; path = "Collection+Extension.swift"; sourceTree = "<group>"; };
		86DDD2DF21B417080073E652 /* DispatchQueue+Extension.swift */ = {isa = PBXFileReference; fileEncoding = 4; lastKnownFileType = sourcecode.swift; path = "DispatchQueue+Extension.swift"; sourceTree = "<group>"; };
		86DDD2E021B417080073E652 /* Numeric+Extension.swift */ = {isa = PBXFileReference; fileEncoding = 4; lastKnownFileType = sourcecode.swift; path = "Numeric+Extension.swift"; sourceTree = "<group>"; };
		86DDD2EB21B41D110073E652 /* CVSKit.podspec */ = {isa = PBXFileReference; lastKnownFileType = text; name = CVSKit.podspec; path = ../CVSKit.podspec; sourceTree = "<group>"; };
		86DDD2EC21B41D110073E652 /* LICENSE */ = {isa = PBXFileReference; lastKnownFileType = text; name = LICENSE; path = ../LICENSE; sourceTree = "<group>"; };
		86DDD2ED21B41D110073E652 /* README.md */ = {isa = PBXFileReference; lastKnownFileType = net.daringfireball.markdown; name = README.md; path = ../README.md; sourceTree = "<group>"; };
		86DDD2F121B41FDC0073E652 /* UIKitExtensionKitTests.swift */ = {isa = PBXFileReference; lastKnownFileType = sourcecode.swift; path = UIKitExtensionKitTests.swift; sourceTree = "<group>"; };
		86DDD30221B420A70073E652 /* Info.plist */ = {isa = PBXFileReference; fileEncoding = 4; lastKnownFileType = text.plist.xml; path = Info.plist; sourceTree = "<group>"; };
		86DDD30821B4217B0073E652 /* CVSKitTests.xctest */ = {isa = PBXFileReference; explicitFileType = wrapper.cfbundle; includeInIndex = 0; path = CVSKitTests.xctest; sourceTree = BUILT_PRODUCTS_DIR; };
/* End PBXFileReference section */

/* Begin PBXFrameworksBuildPhase section */
		86772CEB21BBD030001CCDF8 /* Frameworks */ = {
			isa = PBXFrameworksBuildPhase;
			buildActionMask = 2147483647;
			files = (
				86772D1021BBD49D001CCDF8 /* CVSKit.framework in Frameworks */,
			);
			runOnlyForDeploymentPostprocessing = 0;
		};
		86DDD2C921B3804E0073E652 /* Frameworks */ = {
			isa = PBXFrameworksBuildPhase;
			buildActionMask = 2147483647;
			files = (
			);
			runOnlyForDeploymentPostprocessing = 0;
		};
		86DDD30521B4217B0073E652 /* Frameworks */ = {
			isa = PBXFrameworksBuildPhase;
			buildActionMask = 2147483647;
			files = (
				86DDD30D21B4217B0073E652 /* CVSKit.framework in Frameworks */,
			);
			runOnlyForDeploymentPostprocessing = 0;
		};
/* End PBXFrameworksBuildPhase section */

/* Begin PBXGroup section */
		86772CE521BBCF2F001CCDF8 /* CoreGraphics */ = {
			isa = PBXGroup;
			children = (
				86772CE621BBCF2F001CCDF8 /* CGSize+Extension.swift */,
				86772CE721BBCF2F001CCDF8 /* CGRect+Extension.swift */,
			);
			path = CoreGraphics;
			sourceTree = "<group>";
		};
		86772CEF21BBD030001CCDF8 /* Playground */ = {
			isa = PBXGroup;
			children = (
				86772CF021BBD030001CCDF8 /* AppDelegate.swift */,
				86772CF221BBD030001CCDF8 /* ViewController.swift */,
				86772CF421BBD030001CCDF8 /* Main.storyboard */,
				86772CF721BBD031001CCDF8 /* Assets.xcassets */,
				86772CF921BBD031001CCDF8 /* LaunchScreen.storyboard */,
				86772CFC21BBD031001CCDF8 /* Info.plist */,
			);
			path = Playground;
			sourceTree = "<group>";
		};
		86772D0E21BBD440001CCDF8 /* Frameworks */ = {
			isa = PBXGroup;
			children = (
			);
			name = Frameworks;
			sourceTree = "<group>";
		};
		86DDD2C221B3804E0073E652 = {
			isa = PBXGroup;
			children = (
				86DDD2EA21B41D010073E652 /* Podspec Metadata */,
				86DDD2CE21B3804E0073E652 /* CVSKit */,
				86DDD2D721B417080073E652 /* Sources */,
				86DDD2EE21B41FAE0073E652 /* Tests */,
				86772CEF21BBD030001CCDF8 /* Playground */,
				86DDD2CD21B3804E0073E652 /* Products */,
				86772D0E21BBD440001CCDF8 /* Frameworks */,
			);
			sourceTree = "<group>";
		};
		86DDD2CD21B3804E0073E652 /* Products */ = {
			isa = PBXGroup;
			children = (
				86DDD2CC21B3804E0073E652 /* CVSKit.framework */,
				86DDD30821B4217B0073E652 /* CVSKitTests.xctest */,
				86772CEE21BBD030001CCDF8 /* Playground.app */,
			);
			name = Products;
			sourceTree = "<group>";
		};
		86DDD2CE21B3804E0073E652 /* CVSKit */ = {
			isa = PBXGroup;
			children = (
				86DDD2CF21B3804E0073E652 /* CVSKit.h */,
				86DDD2D021B3804E0073E652 /* Info.plist */,
			);
			path = CVSKit;
			sourceTree = "<group>";
		};
		86DDD2D721B417080073E652 /* Sources */ = {
			isa = PBXGroup;
			children = (
				86DDD2DD21B417080073E652 /* Foundation */,
				86772CE521BBCF2F001CCDF8 /* CoreGraphics */,
				86DDD2D821B417080073E652 /* UIKit */,
			);
			name = Sources;
			path = ../Sources;
			sourceTree = "<group>";
		};
		86DDD2D821B417080073E652 /* UIKit */ = {
			isa = PBXGroup;
			children = (
				86DDD2DA21B417080073E652 /* UIEdgeInsets+Extension.swift */,
				86772D1921BBDBCD001CCDF8 /* UIColor+Extension.swift */,
				86DDD2D921B417080073E652 /* UIImage+Extension.swift */,
				86772D0621BBD0FD001CCDF8 /* HardwareModel.swift */,
				86772D0721BBD0FD001CCDF8 /* UIView+Extension.swift */,
				86772D0421BBD0FD001CCDF8 /* UIView+Animation.swift */,
				86772D0221BBD0FD001CCDF8 /* UIImageView+Extension.swift */,
				86772D1521BBD69F001CCDF8 /* UIButton+Extension.swift */,
				86772D1B21BBDFC8001CCDF8 /* UILabel+Extension.swift */,
				86772D1321BBD53C001CCDF8 /* UITableView+Extension.swift */,
				86772D0521BBD0FD001CCDF8 /* UIBarButtonItem+Extension.swift */,
				86772D0321BBD0FD001CCDF8 /* UIGestureRecognizer+Extension.swift */,
				86772D1721BBD984001CCDF8 /* SensitiveControl.swift */,
			);
			path = UIKit;
			sourceTree = "<group>";
		};
		86DDD2DD21B417080073E652 /* Foundation */ = {
			isa = PBXGroup;
			children = (
				86772D1F21BBE8E4001CCDF8 /* String+Extension.swift */,
				86772D1D21BBE2A2001CCDF8 /* OptionSet+Extension.swift */,
				86DDD2DE21B417080073E652 /* Collection+Extension.swift */,
				86DDD2DF21B417080073E652 /* DispatchQueue+Extension.swift */,
				86DDD2E021B417080073E652 /* Numeric+Extension.swift */,
			);
			path = Foundation;
			sourceTree = "<group>";
		};
		86DDD2EA21B41D010073E652 /* Podspec Metadata */ = {
			isa = PBXGroup;
			children = (
				86DDD2EC21B41D110073E652 /* LICENSE */,
				86DDD2ED21B41D110073E652 /* README.md */,
				86DDD2EB21B41D110073E652 /* CVSKit.podspec */,
			);
			name = "Podspec Metadata";
			sourceTree = "<group>";
		};
		86DDD2EE21B41FAE0073E652 /* Tests */ = {
			isa = PBXGroup;
			children = (
				86DDD2F121B41FDC0073E652 /* UIKitExtensionKitTests.swift */,
				86DDD30221B420A70073E652 /* Info.plist */,
			);
			name = Tests;
			path = ../Tests;
			sourceTree = "<group>";
		};
/* End PBXGroup section */

/* Begin PBXHeadersBuildPhase section */
		86DDD2C721B3804E0073E652 /* Headers */ = {
			isa = PBXHeadersBuildPhase;
			buildActionMask = 2147483647;
			files = (
				86DDD2D121B3804E0073E652 /* CVSKit.h in Headers */,
			);
			runOnlyForDeploymentPostprocessing = 0;
		};
/* End PBXHeadersBuildPhase section */

/* Begin PBXNativeTarget section */
		86772CED21BBD030001CCDF8 /* Playground */ = {
			isa = PBXNativeTarget;
			buildConfigurationList = 86772CFF21BBD031001CCDF8 /* Build configuration list for PBXNativeTarget "Playground" */;
			buildPhases = (
				86772CEA21BBD030001CCDF8 /* Sources */,
				86772CEB21BBD030001CCDF8 /* Frameworks */,
				86772CEC21BBD030001CCDF8 /* Resources */,
				86772D1221BBD49D001CCDF8 /* Embed Frameworks */,
			);
			buildRules = (
			);
			dependencies = (
				86772D0121BBD044001CCDF8 /* PBXTargetDependency */,
			);
			name = Playground;
			productName = Playground;
			productReference = 86772CEE21BBD030001CCDF8 /* Playground.app */;
			productType = "com.apple.product-type.application";
		};
		86DDD2CB21B3804E0073E652 /* CVSKit */ = {
			isa = PBXNativeTarget;
			buildConfigurationList = 86DDD2D421B3804E0073E652 /* Build configuration list for PBXNativeTarget "CVSKit" */;
			buildPhases = (
				86DDD2C721B3804E0073E652 /* Headers */,
				86DDD2C821B3804E0073E652 /* Sources */,
				86DDD2C921B3804E0073E652 /* Frameworks */,
				86DDD2CA21B3804E0073E652 /* Resources */,
			);
			buildRules = (
			);
			dependencies = (
			);
			name = CVSKit;
			productName = CVSKit;
			productReference = 86DDD2CC21B3804E0073E652 /* CVSKit.framework */;
			productType = "com.apple.product-type.framework";
		};
		86DDD30721B4217B0073E652 /* CVSKitTests */ = {
			isa = PBXNativeTarget;
			buildConfigurationList = 86DDD31021B4217B0073E652 /* Build configuration list for PBXNativeTarget "CVSKitTests" */;
			buildPhases = (
				86DDD30421B4217B0073E652 /* Sources */,
				86DDD30521B4217B0073E652 /* Frameworks */,
				86DDD30621B4217B0073E652 /* Resources */,
			);
			buildRules = (
			);
			dependencies = (
				86DDD30F21B4217B0073E652 /* PBXTargetDependency */,
			);
			name = CVSKitTests;
			productName = CVSKitTests;
			productReference = 86DDD30821B4217B0073E652 /* CVSKitTests.xctest */;
			productType = "com.apple.product-type.bundle.unit-test";
		};
/* End PBXNativeTarget section */

/* Begin PBXProject section */
		86DDD2C321B3804E0073E652 /* Project object */ = {
			isa = PBXProject;
			attributes = {
				LastSwiftUpdateCheck = 1000;
				LastUpgradeCheck = 1000;
				ORGANIZATIONNAME = zzangzio;
				TargetAttributes = {
					86772CED21BBD030001CCDF8 = {
						CreatedOnToolsVersion = 10.0;
					};
					86DDD2CB21B3804E0073E652 = {
						CreatedOnToolsVersion = 10.0;
					};
					86DDD30721B4217B0073E652 = {
						CreatedOnToolsVersion = 10.0;
					};
				};
			};
			buildConfigurationList = 86DDD2C621B3804E0073E652 /* Build configuration list for PBXProject "CVSKit" */;
			compatibilityVersion = "Xcode 9.3";
			developmentRegion = en;
			hasScannedForEncodings = 0;
			knownRegions = (
				en,
				Base,
			);
			mainGroup = 86DDD2C221B3804E0073E652;
			productRefGroup = 86DDD2CD21B3804E0073E652 /* Products */;
			projectDirPath = "";
			projectRoot = "";
			targets = (
				86DDD2CB21B3804E0073E652 /* CVSKit */,
				86DDD30721B4217B0073E652 /* CVSKitTests */,
				86772CED21BBD030001CCDF8 /* Playground */,
			);
		};
/* End PBXProject section */

/* Begin PBXResourcesBuildPhase section */
		86772CEC21BBD030001CCDF8 /* Resources */ = {
			isa = PBXResourcesBuildPhase;
			buildActionMask = 2147483647;
			files = (
				86772CFB21BBD031001CCDF8 /* LaunchScreen.storyboard in Resources */,
				86772CF821BBD031001CCDF8 /* Assets.xcassets in Resources */,
				86772CF621BBD030001CCDF8 /* Main.storyboard in Resources */,
			);
			runOnlyForDeploymentPostprocessing = 0;
		};
		86DDD2CA21B3804E0073E652 /* Resources */ = {
			isa = PBXResourcesBuildPhase;
			buildActionMask = 2147483647;
			files = (
			);
			runOnlyForDeploymentPostprocessing = 0;
		};
		86DDD30621B4217B0073E652 /* Resources */ = {
			isa = PBXResourcesBuildPhase;
			buildActionMask = 2147483647;
			files = (
			);
			runOnlyForDeploymentPostprocessing = 0;
		};
/* End PBXResourcesBuildPhase section */

/* Begin PBXSourcesBuildPhase section */
		86772CEA21BBD030001CCDF8 /* Sources */ = {
			isa = PBXSourcesBuildPhase;
			buildActionMask = 2147483647;
			files = (
				86772CF321BBD030001CCDF8 /* ViewController.swift in Sources */,
				86772CF121BBD030001CCDF8 /* AppDelegate.swift in Sources */,
			);
			runOnlyForDeploymentPostprocessing = 0;
		};
		86DDD2C821B3804E0073E652 /* Sources */ = {
			isa = PBXSourcesBuildPhase;
			buildActionMask = 2147483647;
			files = (
				86772CE921BBCF2F001CCDF8 /* CGRect+Extension.swift in Sources */,
				86772D0D21BBD0FD001CCDF8 /* UIView+Extension.swift in Sources */,
				86DDD2E221B417080073E652 /* UIEdgeInsets+Extension.swift in Sources */,
				86772D0821BBD0FD001CCDF8 /* UIImageView+Extension.swift in Sources */,
				86772D1A21BBDBCD001CCDF8 /* UIColor+Extension.swift in Sources */,
				86DDD2E621B417080073E652 /* DispatchQueue+Extension.swift in Sources */,
				86772D0921BBD0FD001CCDF8 /* UIGestureRecognizer+Extension.swift in Sources */,
				86772D0C21BBD0FD001CCDF8 /* HardwareModel.swift in Sources */,
				86772D2021BBE8E4001CCDF8 /* String+Extension.swift in Sources */,
				86772D1C21BBDFC8001CCDF8 /* UILabel+Extension.swift in Sources */,
				86772D0B21BBD0FD001CCDF8 /* UIBarButtonItem+Extension.swift in Sources */,
				86772D1621BBD69F001CCDF8 /* UIButton+Extension.swift in Sources */,
				86DDD2E721B417080073E652 /* Numeric+Extension.swift in Sources */,
				86772D1421BBD53C001CCDF8 /* UITableView+Extension.swift in Sources */,
				86DDD2E121B417080073E652 /* UIImage+Extension.swift in Sources */,
				86772D1821BBD984001CCDF8 /* SensitiveControl.swift in Sources */,
				86772D0A21BBD0FD001CCDF8 /* UIView+Animation.swift in Sources */,
				86772CE821BBCF2F001CCDF8 /* CGSize+Extension.swift in Sources */,
				86772D1E21BBE2A2001CCDF8 /* OptionSet+Extension.swift in Sources */,
				86DDD2E521B417080073E652 /* Collection+Extension.swift in Sources */,
			);
			runOnlyForDeploymentPostprocessing = 0;
		};
		86DDD30421B4217B0073E652 /* Sources */ = {
			isa = PBXSourcesBuildPhase;
			buildActionMask = 2147483647;
			files = (
				86DDD31321B4218E0073E652 /* UIKitExtensionKitTests.swift in Sources */,
			);
			runOnlyForDeploymentPostprocessing = 0;
		};
/* End PBXSourcesBuildPhase section */

/* Begin PBXTargetDependency section */
		86772D0121BBD044001CCDF8 /* PBXTargetDependency */ = {
			isa = PBXTargetDependency;
			target = 86DDD2CB21B3804E0073E652 /* CVSKit */;
			targetProxy = 86772D0021BBD044001CCDF8 /* PBXContainerItemProxy */;
		};
		86DDD30F21B4217B0073E652 /* PBXTargetDependency */ = {
			isa = PBXTargetDependency;
			target = 86DDD2CB21B3804E0073E652 /* CVSKit */;
			targetProxy = 86DDD30E21B4217B0073E652 /* PBXContainerItemProxy */;
		};
/* End PBXTargetDependency section */

/* Begin PBXVariantGroup section */
		86772CF421BBD030001CCDF8 /* Main.storyboard */ = {
			isa = PBXVariantGroup;
			children = (
				86772CF521BBD030001CCDF8 /* Base */,
			);
			name = Main.storyboard;
			sourceTree = "<group>";
		};
		86772CF921BBD031001CCDF8 /* LaunchScreen.storyboard */ = {
			isa = PBXVariantGroup;
			children = (
				86772CFA21BBD031001CCDF8 /* Base */,
			);
			name = LaunchScreen.storyboard;
			sourceTree = "<group>";
		};
/* End PBXVariantGroup section */

/* Begin XCBuildConfiguration section */
		86772CFD21BBD031001CCDF8 /* Debug */ = {
			isa = XCBuildConfiguration;
			buildSettings = {
				ALWAYS_EMBED_SWIFT_STANDARD_LIBRARIES = YES;
				ASSETCATALOG_COMPILER_APPICON_NAME = AppIcon;
				CODE_SIGN_STYLE = Automatic;
				DEVELOPMENT_TEAM = 2T9R5FA7PV;
				INFOPLIST_FILE = Playground/Info.plist;
				IPHONEOS_DEPLOYMENT_TARGET = 12.0;
				LD_RUNPATH_SEARCH_PATHS = (
					"$(inherited)",
					"@executable_path/Frameworks",
				);
				PRODUCT_BUNDLE_IDENTIFIER = com.zzangzio.Playground;
				PRODUCT_NAME = "$(TARGET_NAME)";
				SWIFT_VERSION = 4.2;
				TARGETED_DEVICE_FAMILY = "1,2";
			};
			name = Debug;
		};
		86772CFE21BBD031001CCDF8 /* Release */ = {
			isa = XCBuildConfiguration;
			buildSettings = {
				ALWAYS_EMBED_SWIFT_STANDARD_LIBRARIES = YES;
				ASSETCATALOG_COMPILER_APPICON_NAME = AppIcon;
				CODE_SIGN_STYLE = Automatic;
				DEVELOPMENT_TEAM = 2T9R5FA7PV;
				INFOPLIST_FILE = Playground/Info.plist;
				IPHONEOS_DEPLOYMENT_TARGET = 12.0;
				LD_RUNPATH_SEARCH_PATHS = (
					"$(inherited)",
					"@executable_path/Frameworks",
				);
				PRODUCT_BUNDLE_IDENTIFIER = com.zzangzio.Playground;
				PRODUCT_NAME = "$(TARGET_NAME)";
				SWIFT_VERSION = 4.2;
				TARGETED_DEVICE_FAMILY = "1,2";
			};
			name = Release;
		};
		86DDD2D221B3804E0073E652 /* Debug */ = {
			isa = XCBuildConfiguration;
			buildSettings = {
				ALWAYS_SEARCH_USER_PATHS = NO;
				CLANG_ANALYZER_NONNULL = YES;
				CLANG_ANALYZER_NUMBER_OBJECT_CONVERSION = YES_AGGRESSIVE;
				CLANG_CXX_LANGUAGE_STANDARD = "gnu++14";
				CLANG_CXX_LIBRARY = "libc++";
				CLANG_ENABLE_MODULES = YES;
				CLANG_ENABLE_OBJC_ARC = YES;
				CLANG_ENABLE_OBJC_WEAK = YES;
				CLANG_WARN_BLOCK_CAPTURE_AUTORELEASING = YES;
				CLANG_WARN_BOOL_CONVERSION = YES;
				CLANG_WARN_COMMA = YES;
				CLANG_WARN_CONSTANT_CONVERSION = YES;
				CLANG_WARN_DEPRECATED_OBJC_IMPLEMENTATIONS = YES;
				CLANG_WARN_DIRECT_OBJC_ISA_USAGE = YES_ERROR;
				CLANG_WARN_DOCUMENTATION_COMMENTS = YES;
				CLANG_WARN_EMPTY_BODY = YES;
				CLANG_WARN_ENUM_CONVERSION = YES;
				CLANG_WARN_INFINITE_RECURSION = YES;
				CLANG_WARN_INT_CONVERSION = YES;
				CLANG_WARN_NON_LITERAL_NULL_CONVERSION = YES;
				CLANG_WARN_OBJC_IMPLICIT_RETAIN_SELF = YES;
				CLANG_WARN_OBJC_LITERAL_CONVERSION = YES;
				CLANG_WARN_OBJC_ROOT_CLASS = YES_ERROR;
				CLANG_WARN_RANGE_LOOP_ANALYSIS = YES;
				CLANG_WARN_STRICT_PROTOTYPES = YES;
				CLANG_WARN_SUSPICIOUS_MOVE = YES;
				CLANG_WARN_UNGUARDED_AVAILABILITY = YES_AGGRESSIVE;
				CLANG_WARN_UNREACHABLE_CODE = YES;
				CLANG_WARN__DUPLICATE_METHOD_MATCH = YES;
				CODE_SIGN_IDENTITY = "iPhone Developer";
				COPY_PHASE_STRIP = NO;
				CURRENT_PROJECT_VERSION = 1;
				DEBUG_INFORMATION_FORMAT = dwarf;
				ENABLE_STRICT_OBJC_MSGSEND = YES;
				ENABLE_TESTABILITY = YES;
				GCC_C_LANGUAGE_STANDARD = gnu11;
				GCC_DYNAMIC_NO_PIC = NO;
				GCC_NO_COMMON_BLOCKS = YES;
				GCC_OPTIMIZATION_LEVEL = 0;
				GCC_PREPROCESSOR_DEFINITIONS = (
					"DEBUG=1",
					"$(inherited)",
				);
				GCC_WARN_64_TO_32_BIT_CONVERSION = YES;
				GCC_WARN_ABOUT_RETURN_TYPE = YES_ERROR;
				GCC_WARN_UNDECLARED_SELECTOR = YES;
				GCC_WARN_UNINITIALIZED_AUTOS = YES_AGGRESSIVE;
				GCC_WARN_UNUSED_FUNCTION = YES;
				GCC_WARN_UNUSED_VARIABLE = YES;
				IPHONEOS_DEPLOYMENT_TARGET = 10.0;
				MTL_ENABLE_DEBUG_INFO = INCLUDE_SOURCE;
				MTL_FAST_MATH = YES;
				ONLY_ACTIVE_ARCH = YES;
				SDKROOT = iphoneos;
				SWIFT_ACTIVE_COMPILATION_CONDITIONS = DEBUG;
				SWIFT_OPTIMIZATION_LEVEL = "-Onone";
				VERSIONING_SYSTEM = "apple-generic";
				VERSION_INFO_PREFIX = "";
			};
			name = Debug;
		};
		86DDD2D321B3804E0073E652 /* Release */ = {
			isa = XCBuildConfiguration;
			buildSettings = {
				ALWAYS_SEARCH_USER_PATHS = NO;
				CLANG_ANALYZER_NONNULL = YES;
				CLANG_ANALYZER_NUMBER_OBJECT_CONVERSION = YES_AGGRESSIVE;
				CLANG_CXX_LANGUAGE_STANDARD = "gnu++14";
				CLANG_CXX_LIBRARY = "libc++";
				CLANG_ENABLE_MODULES = YES;
				CLANG_ENABLE_OBJC_ARC = YES;
				CLANG_ENABLE_OBJC_WEAK = YES;
				CLANG_WARN_BLOCK_CAPTURE_AUTORELEASING = YES;
				CLANG_WARN_BOOL_CONVERSION = YES;
				CLANG_WARN_COMMA = YES;
				CLANG_WARN_CONSTANT_CONVERSION = YES;
				CLANG_WARN_DEPRECATED_OBJC_IMPLEMENTATIONS = YES;
				CLANG_WARN_DIRECT_OBJC_ISA_USAGE = YES_ERROR;
				CLANG_WARN_DOCUMENTATION_COMMENTS = YES;
				CLANG_WARN_EMPTY_BODY = YES;
				CLANG_WARN_ENUM_CONVERSION = YES;
				CLANG_WARN_INFINITE_RECURSION = YES;
				CLANG_WARN_INT_CONVERSION = YES;
				CLANG_WARN_NON_LITERAL_NULL_CONVERSION = YES;
				CLANG_WARN_OBJC_IMPLICIT_RETAIN_SELF = YES;
				CLANG_WARN_OBJC_LITERAL_CONVERSION = YES;
				CLANG_WARN_OBJC_ROOT_CLASS = YES_ERROR;
				CLANG_WARN_RANGE_LOOP_ANALYSIS = YES;
				CLANG_WARN_STRICT_PROTOTYPES = YES;
				CLANG_WARN_SUSPICIOUS_MOVE = YES;
				CLANG_WARN_UNGUARDED_AVAILABILITY = YES_AGGRESSIVE;
				CLANG_WARN_UNREACHABLE_CODE = YES;
				CLANG_WARN__DUPLICATE_METHOD_MATCH = YES;
				CODE_SIGN_IDENTITY = "iPhone Developer";
				COPY_PHASE_STRIP = NO;
				CURRENT_PROJECT_VERSION = 1;
				DEBUG_INFORMATION_FORMAT = "dwarf-with-dsym";
				ENABLE_NS_ASSERTIONS = NO;
				ENABLE_STRICT_OBJC_MSGSEND = YES;
				GCC_C_LANGUAGE_STANDARD = gnu11;
				GCC_NO_COMMON_BLOCKS = YES;
				GCC_WARN_64_TO_32_BIT_CONVERSION = YES;
				GCC_WARN_ABOUT_RETURN_TYPE = YES_ERROR;
				GCC_WARN_UNDECLARED_SELECTOR = YES;
				GCC_WARN_UNINITIALIZED_AUTOS = YES_AGGRESSIVE;
				GCC_WARN_UNUSED_FUNCTION = YES;
				GCC_WARN_UNUSED_VARIABLE = YES;
				IPHONEOS_DEPLOYMENT_TARGET = 10.0;
				MTL_ENABLE_DEBUG_INFO = NO;
				MTL_FAST_MATH = YES;
				SDKROOT = iphoneos;
				SWIFT_COMPILATION_MODE = wholemodule;
				SWIFT_OPTIMIZATION_LEVEL = "-O";
				VALIDATE_PRODUCT = YES;
				VERSIONING_SYSTEM = "apple-generic";
				VERSION_INFO_PREFIX = "";
			};
			name = Release;
		};
		86DDD2D521B3804E0073E652 /* Debug */ = {
			isa = XCBuildConfiguration;
			buildSettings = {
				ALWAYS_EMBED_SWIFT_STANDARD_LIBRARIES = YES;
				CODE_SIGN_IDENTITY = "";
				CODE_SIGN_STYLE = Automatic;
				DEFINES_MODULE = YES;
				DEVELOPMENT_TEAM = 2T9R5FA7PV;
				DYLIB_COMPATIBILITY_VERSION = 1;
				DYLIB_CURRENT_VERSION = 1;
				DYLIB_INSTALL_NAME_BASE = "@rpath";
				INFOPLIST_FILE = CVSKit/Info.plist;
				INSTALL_PATH = "$(LOCAL_LIBRARY_DIR)/Frameworks";
				IPHONEOS_DEPLOYMENT_TARGET = 10.0;
				LD_RUNPATH_SEARCH_PATHS = (
					"$(inherited)",
					"@executable_path/Frameworks",
					"@loader_path/Frameworks",
				);
				PRODUCT_BUNDLE_IDENTIFIER = com.zzangzio.CVSKit;
				PRODUCT_NAME = "$(TARGET_NAME:c99extidentifier)";
				SKIP_INSTALL = YES;
				SWIFT_COMPILATION_MODE = singlefile;
				SWIFT_VERSION = 4.2;
				TARGETED_DEVICE_FAMILY = "1,2";
			};
			name = Debug;
		};
		86DDD2D621B3804E0073E652 /* Release */ = {
			isa = XCBuildConfiguration;
			buildSettings = {
				ALWAYS_EMBED_SWIFT_STANDARD_LIBRARIES = YES;
				CODE_SIGN_IDENTITY = "";
				CODE_SIGN_STYLE = Automatic;
				DEFINES_MODULE = YES;
				DEVELOPMENT_TEAM = 2T9R5FA7PV;
				DYLIB_COMPATIBILITY_VERSION = 1;
				DYLIB_CURRENT_VERSION = 1;
				DYLIB_INSTALL_NAME_BASE = "@rpath";
				INFOPLIST_FILE = CVSKit/Info.plist;
				INSTALL_PATH = "$(LOCAL_LIBRARY_DIR)/Frameworks";
				IPHONEOS_DEPLOYMENT_TARGET = 10.0;
				LD_RUNPATH_SEARCH_PATHS = (
					"$(inherited)",
					"@executable_path/Frameworks",
					"@loader_path/Frameworks",
				);
				PRODUCT_BUNDLE_IDENTIFIER = com.zzangzio.CVSKit;
				PRODUCT_NAME = "$(TARGET_NAME:c99extidentifier)";
				SKIP_INSTALL = YES;
				SWIFT_VERSION = 4.2;
				TARGETED_DEVICE_FAMILY = "1,2";
			};
			name = Release;
		};
		86DDD31121B4217B0073E652 /* Debug */ = {
			isa = XCBuildConfiguration;
			buildSettings = {
				CODE_SIGN_STYLE = Automatic;
				INFOPLIST_FILE = ../Tests/Info.plist;
				IPHONEOS_DEPLOYMENT_TARGET = 12.0;
				LD_RUNPATH_SEARCH_PATHS = (
					"$(inherited)",
					"@executable_path/Frameworks",
					"@loader_path/Frameworks",
				);
				PRODUCT_BUNDLE_IDENTIFIER = com.zzangzio.CVSKitTests;
				PRODUCT_NAME = "$(TARGET_NAME)";
				SWIFT_VERSION = 4.2;
				TARGETED_DEVICE_FAMILY = "1,2";
			};
			name = Debug;
		};
		86DDD31221B4217B0073E652 /* Release */ = {
			isa = XCBuildConfiguration;
			buildSettings = {
				CODE_SIGN_STYLE = Automatic;
				INFOPLIST_FILE = ../Tests/Info.plist;
				IPHONEOS_DEPLOYMENT_TARGET = 12.0;
				LD_RUNPATH_SEARCH_PATHS = (
					"$(inherited)",
					"@executable_path/Frameworks",
					"@loader_path/Frameworks",
				);
				PRODUCT_BUNDLE_IDENTIFIER = com.zzangzio.CVSKitTests;
				PRODUCT_NAME = "$(TARGET_NAME)";
				SWIFT_VERSION = 4.2;
				TARGETED_DEVICE_FAMILY = "1,2";
			};
			name = Release;
		};
/* End XCBuildConfiguration section */

/* Begin XCConfigurationList section */
		86772CFF21BBD031001CCDF8 /* Build configuration list for PBXNativeTarget "Playground" */ = {
			isa = XCConfigurationList;
			buildConfigurations = (
				86772CFD21BBD031001CCDF8 /* Debug */,
				86772CFE21BBD031001CCDF8 /* Release */,
			);
			defaultConfigurationIsVisible = 0;
			defaultConfigurationName = Release;
		};
		86DDD2C621B3804E0073E652 /* Build configuration list for PBXProject "CVSKit" */ = {
			isa = XCConfigurationList;
			buildConfigurations = (
				86DDD2D221B3804E0073E652 /* Debug */,
				86DDD2D321B3804E0073E652 /* Release */,
			);
			defaultConfigurationIsVisible = 0;
			defaultConfigurationName = Release;
		};
		86DDD2D421B3804E0073E652 /* Build configuration list for PBXNativeTarget "CVSKit" */ = {
			isa = XCConfigurationList;
			buildConfigurations = (
				86DDD2D521B3804E0073E652 /* Debug */,
				86DDD2D621B3804E0073E652 /* Release */,
			);
			defaultConfigurationIsVisible = 0;
			defaultConfigurationName = Release;
		};
		86DDD31021B4217B0073E652 /* Build configuration list for PBXNativeTarget "CVSKitTests" */ = {
			isa = XCConfigurationList;
			buildConfigurations = (
				86DDD31121B4217B0073E652 /* Debug */,
				86DDD31221B4217B0073E652 /* Release */,
			);
			defaultConfigurationIsVisible = 0;
			defaultConfigurationName = Release;
		};
/* End XCConfigurationList section */
	};
	rootObject = 86DDD2C321B3804E0073E652 /* Project object */;
}
